// !$*UTF8*$!
{
	archiveVersion = 1;
	classes = {
	};
	objectVersion = 56;
	objects = {

/* Begin PBXBuildFile section */
		03ADF4022A8B8E99004C3D8C /* VorsjApp.swift in Sources */ = {isa = PBXBuildFile; fileRef = 03ADF4012A8B8E99004C3D8C /* VorsjApp.swift */; };
		03ADF4042A8B8E99004C3D8C /* ContentView.swift in Sources */ = {isa = PBXBuildFile; fileRef = 03ADF4032A8B8E99004C3D8C /* ContentView.swift */; };
		03ADF4062A8B8E9B004C3D8C /* Assets.xcassets in Resources */ = {isa = PBXBuildFile; fileRef = 03ADF4052A8B8E9B004C3D8C /* Assets.xcassets */; };
		03ADF4092A8B8E9B004C3D8C /* Preview Assets.xcassets in Resources */ = {isa = PBXBuildFile; fileRef = 03ADF4082A8B8E9B004C3D8C /* Preview Assets.xcassets */; };
		03ADF4132A8B8F1D004C3D8C /* Volume5BI.json in Resources */ = {isa = PBXBuildFile; fileRef = 03ADF4122A8B8F1D004C3D8C /* Volume5BI.json */; };
		03ADF4172A8B8FAA004C3D8C /* ModelData.swift in Sources */ = {isa = PBXBuildFile; fileRef = 03ADF4162A8B8FAA004C3D8C /* ModelData.swift */; };
		03ADF41B2A8B917B004C3D8C /* Question.swift in Sources */ = {isa = PBXBuildFile; fileRef = 03ADF41A2A8B917B004C3D8C /* Question.swift */; };
		03ADF41D2A8B9296004C3D8C /* QuestionCardView.swift in Sources */ = {isa = PBXBuildFile; fileRef = 03ADF41C2A8B9296004C3D8C /* QuestionCardView.swift */; };
		03ADF41F2A8B92BC004C3D8C /* QuestionView.swift in Sources */ = {isa = PBXBuildFile; fileRef = 03ADF41E2A8B92BC004C3D8C /* QuestionView.swift */; };
		03ADF4212A8B94EA004C3D8C /* MessageBubble.swift in Sources */ = {isa = PBXBuildFile; fileRef = 03ADF4202A8B94EA004C3D8C /* MessageBubble.swift */; };
		03ADF4232A8BA049004C3D8C /* Volume5BI.swift in Sources */ = {isa = PBXBuildFile; fileRef = 03ADF4222A8BA049004C3D8C /* Volume5BI.swift */; };
		03ADF4252A8BA380004C3D8C /* 5050.json in Resources */ = {isa = PBXBuildFile; fileRef = 03ADF4242A8BA380004C3D8C /* 5050.json */; };
		03ADF4302A8BA80E004C3D8C /* Volume1.json in Resources */ = {isa = PBXBuildFile; fileRef = 03ADF42F2A8BA80E004C3D8C /* Volume1.json */; };
		03ADF4352A8BA924004C3D8C /* Volume2.json in Resources */ = {isa = PBXBuildFile; fileRef = 03ADF4342A8BA923004C3D8C /* Volume2.json */; };
		03ADF43A2A8BAAF3004C3D8C /* Volume3.json in Resources */ = {isa = PBXBuildFile; fileRef = 03ADF4392A8BAAF3004C3D8C /* Volume3.json */; };
		03ADF43C2A8BACA6004C3D8C /* HundredView.swift in Sources */ = {isa = PBXBuildFile; fileRef = 03ADF43B2A8BACA6004C3D8C /* HundredView.swift */; };
		03ADF43E2A8BAE4B004C3D8C /* HundredQuestionsListView.swift in Sources */ = {isa = PBXBuildFile; fileRef = 03ADF43D2A8BAE4B004C3D8C /* HundredQuestionsListView.swift */; };
		03ADF4412A8CC4E8004C3D8C /* Volume6.json in Resources */ = {isa = PBXBuildFile; fileRef = 03ADF4402A8CC4E8004C3D8C /* Volume6.json */; };
		03ADF4432A8CC6A3004C3D8C /* Volume7.json in Resources */ = {isa = PBXBuildFile; fileRef = 03ADF4422A8CC6A3004C3D8C /* Volume7.json */; };
		03ADF4452A8CC783004C3D8C /* Parleken.json in Resources */ = {isa = PBXBuildFile; fileRef = 03ADF4442A8CC783004C3D8C /* Parleken.json */; };
		03ADF4472A8CCA6C004C3D8C /* kompliment.json in Resources */ = {isa = PBXBuildFile; fileRef = 03ADF4462A8CCA6C004C3D8C /* kompliment.json */; };
/* End PBXBuildFile section */

/* Begin PBXFileReference section */
		03ADF3FE2A8B8E99004C3D8C /* Vorsj.app */ = {isa = PBXFileReference; explicitFileType = wrapper.application; includeInIndex = 0; path = Vorsj.app; sourceTree = BUILT_PRODUCTS_DIR; };
		03ADF4012A8B8E99004C3D8C /* VorsjApp.swift */ = {isa = PBXFileReference; lastKnownFileType = sourcecode.swift; path = VorsjApp.swift; sourceTree = "<group>"; };
		03ADF4032A8B8E99004C3D8C /* ContentView.swift */ = {isa = PBXFileReference; lastKnownFileType = sourcecode.swift; path = ContentView.swift; sourceTree = "<group>"; };
		03ADF4052A8B8E9B004C3D8C /* Assets.xcassets */ = {isa = PBXFileReference; lastKnownFileType = folder.assetcatalog; path = Assets.xcassets; sourceTree = "<group>"; };
		03ADF4082A8B8E9B004C3D8C /* Preview Assets.xcassets */ = {isa = PBXFileReference; lastKnownFileType = folder.assetcatalog; path = "Preview Assets.xcassets"; sourceTree = "<group>"; };
		03ADF4122A8B8F1D004C3D8C /* Volume5BI.json */ = {isa = PBXFileReference; fileEncoding = 4; lastKnownFileType = text.json; path = Volume5BI.json; sourceTree = "<group>"; };
		03ADF4162A8B8FAA004C3D8C /* ModelData.swift */ = {isa = PBXFileReference; lastKnownFileType = sourcecode.swift; path = ModelData.swift; sourceTree = "<group>"; };
		03ADF41A2A8B917B004C3D8C /* Question.swift */ = {isa = PBXFileReference; lastKnownFileType = sourcecode.swift; path = Question.swift; sourceTree = "<group>"; };
		03ADF41C2A8B9296004C3D8C /* QuestionCardView.swift */ = {isa = PBXFileReference; lastKnownFileType = sourcecode.swift; path = QuestionCardView.swift; sourceTree = "<group>"; };
		03ADF41E2A8B92BC004C3D8C /* QuestionView.swift */ = {isa = PBXFileReference; lastKnownFileType = sourcecode.swift; path = QuestionView.swift; sourceTree = "<group>"; };
		03ADF4202A8B94EA004C3D8C /* MessageBubble.swift */ = {isa = PBXFileReference; lastKnownFileType = sourcecode.swift; path = MessageBubble.swift; sourceTree = "<group>"; };
		03ADF4222A8BA049004C3D8C /* Volume5BI.swift */ = {isa = PBXFileReference; lastKnownFileType = sourcecode.swift; path = Volume5BI.swift; sourceTree = "<group>"; };
		03ADF4242A8BA380004C3D8C /* 5050.json */ = {isa = PBXFileReference; fileEncoding = 4; lastKnownFileType = text.json; path = 5050.json; sourceTree = "<group>"; };
		03ADF42F2A8BA80E004C3D8C /* Volume1.json */ = {isa = PBXFileReference; fileEncoding = 4; lastKnownFileType = text.json; path = Volume1.json; sourceTree = "<group>"; };
		03ADF4342A8BA923004C3D8C /* Volume2.json */ = {isa = PBXFileReference; fileEncoding = 4; lastKnownFileType = text.json; path = Volume2.json; sourceTree = "<group>"; };
		03ADF4392A8BAAF3004C3D8C /* Volume3.json */ = {isa = PBXFileReference; fileEncoding = 4; lastKnownFileType = text.json; path = Volume3.json; sourceTree = "<group>"; };
		03ADF43B2A8BACA6004C3D8C /* HundredView.swift */ = {isa = PBXFileReference; lastKnownFileType = sourcecode.swift; path = HundredView.swift; sourceTree = "<group>"; };
		03ADF43D2A8BAE4B004C3D8C /* HundredQuestionsListView.swift */ = {isa = PBXFileReference; lastKnownFileType = sourcecode.swift; path = HundredQuestionsListView.swift; sourceTree = "<group>"; };
		03ADF4402A8CC4E8004C3D8C /* Volume6.json */ = {isa = PBXFileReference; fileEncoding = 4; lastKnownFileType = text.json; path = Volume6.json; sourceTree = "<group>"; };
		03ADF4422A8CC6A3004C3D8C /* Volume7.json */ = {isa = PBXFileReference; fileEncoding = 4; lastKnownFileType = text.json; path = Volume7.json; sourceTree = "<group>"; };
		03ADF4442A8CC783004C3D8C /* Parleken.json */ = {isa = PBXFileReference; fileEncoding = 4; lastKnownFileType = text.json; path = Parleken.json; sourceTree = "<group>"; };
		03ADF4462A8CCA6C004C3D8C /* kompliment.json */ = {isa = PBXFileReference; fileEncoding = 4; lastKnownFileType = text.json; path = kompliment.json; sourceTree = "<group>"; };
/* End PBXFileReference section */

/* Begin PBXFrameworksBuildPhase section */
		03ADF3FB2A8B8E99004C3D8C /* Frameworks */ = {
			isa = PBXFrameworksBuildPhase;
			buildActionMask = 2147483647;
			files = (
			);
			runOnlyForDeploymentPostprocessing = 0;
		};
/* End PBXFrameworksBuildPhase section */

/* Begin PBXGroup section */
		03ADF3F52A8B8E99004C3D8C = {
			isa = PBXGroup;
			children = (
				03ADF4002A8B8E99004C3D8C /* Vorsj */,
				03ADF3FF2A8B8E99004C3D8C /* Products */,
			);
			sourceTree = "<group>";
		};
		03ADF3FF2A8B8E99004C3D8C /* Products */ = {
			isa = PBXGroup;
			children = (
				03ADF3FE2A8B8E99004C3D8C /* Vorsj.app */,
			);
			name = Products;
			sourceTree = "<group>";
		};
		03ADF4002A8B8E99004C3D8C /* Vorsj */ = {
			isa = PBXGroup;
			children = (
				03ADF4012A8B8E99004C3D8C /* VorsjApp.swift */,
				03ADF4032A8B8E99004C3D8C /* ContentView.swift */,
				03ADF4182A8B905B004C3D8C /* 100Spørsmål */,
				03ADF4162A8B8FAA004C3D8C /* ModelData.swift */,
				03ADF41A2A8B917B004C3D8C /* Question.swift */,
				03ADF4052A8B8E9B004C3D8C /* Assets.xcassets */,
				03ADF4072A8B8E9B004C3D8C /* Preview Content */,
			);
			path = Vorsj;
			sourceTree = "<group>";
		};
		03ADF4072A8B8E9B004C3D8C /* Preview Content */ = {
			isa = PBXGroup;
			children = (
				03ADF4082A8B8E9B004C3D8C /* Preview Assets.xcassets */,
			);
			path = "Preview Content";
			sourceTree = "<group>";
		};
		03ADF4182A8B905B004C3D8C /* 100Spørsmål */ = {
			isa = PBXGroup;
			children = (
				03ADF43D2A8BAE4B004C3D8C /* HundredQuestionsListView.swift */,
				03ADF43B2A8BACA6004C3D8C /* HundredView.swift */,
				03ADF4482A8CCB15004C3D8C /* 100 Spørsmål JSON */,
				03ADF4192A8B9130004C3D8C /* Volume 5 BI */,
				03ADF41C2A8B9296004C3D8C /* QuestionCardView.swift */,
				03ADF4202A8B94EA004C3D8C /* MessageBubble.swift */,
				03ADF41E2A8B92BC004C3D8C /* QuestionView.swift */,
			);
			name = "100Spørsmål";
			path = "100Spørsmål";
			sourceTree = "<group>";
		};
		03ADF4192A8B9130004C3D8C /* Volume 5 BI */ = {
			isa = PBXGroup;
			children = (
				03ADF4222A8BA049004C3D8C /* Volume5BI.swift */,
			);
			path = "Volume 5 BI";
			sourceTree = "<group>";
		};
		03ADF4482A8CCB15004C3D8C /* 100 Spørsmål JSON */ = {
			isa = PBXGroup;
			children = (
				03ADF4242A8BA380004C3D8C /* 5050.json */,
				03ADF42F2A8BA80E004C3D8C /* Volume1.json */,
				03ADF4342A8BA923004C3D8C /* Volume2.json */,
				03ADF4392A8BAAF3004C3D8C /* Volume3.json */,
				03ADF4122A8B8F1D004C3D8C /* Volume5BI.json */,
				03ADF4402A8CC4E8004C3D8C /* Volume6.json */,
				03ADF4422A8CC6A3004C3D8C /* Volume7.json */,
				03ADF4442A8CC783004C3D8C /* Parleken.json */,
				03ADF4462A8CCA6C004C3D8C /* kompliment.json */,
			);
			name = "100 Spørsmål JSON";
			path = "100 Spørsmål JSON";
			sourceTree = "<group>";
		};
/* End PBXGroup section */

/* Begin PBXNativeTarget section */
		03ADF3FD2A8B8E99004C3D8C /* Vorsj */ = {
			isa = PBXNativeTarget;
			buildConfigurationList = 03ADF40C2A8B8E9B004C3D8C /* Build configuration list for PBXNativeTarget "Vorsj" */;
			buildPhases = (
				03ADF3FA2A8B8E99004C3D8C /* Sources */,
				03ADF3FB2A8B8E99004C3D8C /* Frameworks */,
				03ADF3FC2A8B8E99004C3D8C /* Resources */,
			);
			buildRules = (
			);
			dependencies = (
			);
			name = Vorsj;
			productName = Vorsj;
			productReference = 03ADF3FE2A8B8E99004C3D8C /* Vorsj.app */;
			productType = "com.apple.product-type.application";
		};
/* End PBXNativeTarget section */

/* Begin PBXProject section */
		03ADF3F62A8B8E99004C3D8C /* Project object */ = {
			isa = PBXProject;
			attributes = {
				BuildIndependentTargetsInParallel = 1;
				LastSwiftUpdateCheck = 1430;
				LastUpgradeCheck = 1430;
				TargetAttributes = {
					03ADF3FD2A8B8E99004C3D8C = {
						CreatedOnToolsVersion = 14.3.1;
					};
				};
			};
			buildConfigurationList = 03ADF3F92A8B8E99004C3D8C /* Build configuration list for PBXProject "Vorsj" */;
			compatibilityVersion = "Xcode 14.0";
			developmentRegion = en;
			hasScannedForEncodings = 0;
			knownRegions = (
				en,
				Base,
			);
			mainGroup = 03ADF3F52A8B8E99004C3D8C;
			productRefGroup = 03ADF3FF2A8B8E99004C3D8C /* Products */;
			projectDirPath = "";
			projectRoot = "";
			targets = (
				03ADF3FD2A8B8E99004C3D8C /* Vorsj */,
			);
		};
/* End PBXProject section */

/* Begin PBXResourcesBuildPhase section */
		03ADF3FC2A8B8E99004C3D8C /* Resources */ = {
			isa = PBXResourcesBuildPhase;
			buildActionMask = 2147483647;
			files = (
				03ADF4092A8B8E9B004C3D8C /* Preview Assets.xcassets in Resources */,
				03ADF43A2A8BAAF3004C3D8C /* Volume3.json in Resources */,
				03ADF4412A8CC4E8004C3D8C /* Volume6.json in Resources */,
				03ADF4302A8BA80E004C3D8C /* Volume1.json in Resources */,
				03ADF4472A8CCA6C004C3D8C /* kompliment.json in Resources */,
				03ADF4432A8CC6A3004C3D8C /* Volume7.json in Resources */,
				03ADF4452A8CC783004C3D8C /* Parleken.json in Resources */,
				03ADF4132A8B8F1D004C3D8C /* Volume5BI.json in Resources */,
				03ADF4062A8B8E9B004C3D8C /* Assets.xcassets in Resources */,
				03ADF4352A8BA924004C3D8C /* Volume2.json in Resources */,
				03ADF4252A8BA380004C3D8C /* 5050.json in Resources */,
			);
			runOnlyForDeploymentPostprocessing = 0;
		};
/* End PBXResourcesBuildPhase section */

/* Begin PBXSourcesBuildPhase section */
		03ADF3FA2A8B8E99004C3D8C /* Sources */ = {
			isa = PBXSourcesBuildPhase;
			buildActionMask = 2147483647;
			files = (
				03ADF41B2A8B917B004C3D8C /* Question.swift in Sources */,
				03ADF43E2A8BAE4B004C3D8C /* HundredQuestionsListView.swift in Sources */,
				03ADF41D2A8B9296004C3D8C /* QuestionCardView.swift in Sources */,
				03ADF4232A8BA049004C3D8C /* Volume5BI.swift in Sources */,
				03ADF41F2A8B92BC004C3D8C /* QuestionView.swift in Sources */,
				03ADF4172A8B8FAA004C3D8C /* ModelData.swift in Sources */,
				03ADF4042A8B8E99004C3D8C /* ContentView.swift in Sources */,
				03ADF4022A8B8E99004C3D8C /* VorsjApp.swift in Sources */,
				03ADF4212A8B94EA004C3D8C /* MessageBubble.swift in Sources */,
				03ADF43C2A8BACA6004C3D8C /* HundredView.swift in Sources */,
			);
			runOnlyForDeploymentPostprocessing = 0;
		};
/* End PBXSourcesBuildPhase section */

/* Begin XCBuildConfiguration section */
		03ADF40A2A8B8E9B004C3D8C /* Debug */ = {
			isa = XCBuildConfiguration;
			buildSettings = {
				ALWAYS_SEARCH_USER_PATHS = NO;
				CLANG_ANALYZER_NONNULL = YES;
				CLANG_ANALYZER_NUMBER_OBJECT_CONVERSION = YES_AGGRESSIVE;
				CLANG_CXX_LANGUAGE_STANDARD = "gnu++20";
				CLANG_ENABLE_MODULES = YES;
				CLANG_ENABLE_OBJC_ARC = YES;
				CLANG_ENABLE_OBJC_WEAK = YES;
				CLANG_WARN_BLOCK_CAPTURE_AUTORELEASING = YES;
				CLANG_WARN_BOOL_CONVERSION = YES;
				CLANG_WARN_COMMA = YES;
				CLANG_WARN_CONSTANT_CONVERSION = YES;
				CLANG_WARN_DEPRECATED_OBJC_IMPLEMENTATIONS = YES;
				CLANG_WARN_DIRECT_OBJC_ISA_USAGE = YES_ERROR;
				CLANG_WARN_DOCUMENTATION_COMMENTS = YES;
				CLANG_WARN_EMPTY_BODY = YES;
				CLANG_WARN_ENUM_CONVERSION = YES;
				CLANG_WARN_INFINITE_RECURSION = YES;
				CLANG_WARN_INT_CONVERSION = YES;
				CLANG_WARN_NON_LITERAL_NULL_CONVERSION = YES;
				CLANG_WARN_OBJC_IMPLICIT_RETAIN_SELF = YES;
				CLANG_WARN_OBJC_LITERAL_CONVERSION = YES;
				CLANG_WARN_OBJC_ROOT_CLASS = YES_ERROR;
				CLANG_WARN_QUOTED_INCLUDE_IN_FRAMEWORK_HEADER = YES;
				CLANG_WARN_RANGE_LOOP_ANALYSIS = YES;
				CLANG_WARN_STRICT_PROTOTYPES = YES;
				CLANG_WARN_SUSPICIOUS_MOVE = YES;
				CLANG_WARN_UNGUARDED_AVAILABILITY = YES_AGGRESSIVE;
				CLANG_WARN_UNREACHABLE_CODE = YES;
				CLANG_WARN__DUPLICATE_METHOD_MATCH = YES;
				COPY_PHASE_STRIP = NO;
				DEBUG_INFORMATION_FORMAT = dwarf;
				ENABLE_STRICT_OBJC_MSGSEND = YES;
				ENABLE_TESTABILITY = YES;
				GCC_C_LANGUAGE_STANDARD = gnu11;
				GCC_DYNAMIC_NO_PIC = NO;
				GCC_NO_COMMON_BLOCKS = YES;
				GCC_OPTIMIZATION_LEVEL = 0;
				GCC_PREPROCESSOR_DEFINITIONS = (
					"DEBUG=1",
					"$(inherited)",
				);
				GCC_WARN_64_TO_32_BIT_CONVERSION = YES;
				GCC_WARN_ABOUT_RETURN_TYPE = YES_ERROR;
				GCC_WARN_UNDECLARED_SELECTOR = YES;
				GCC_WARN_UNINITIALIZED_AUTOS = YES_AGGRESSIVE;
				GCC_WARN_UNUSED_FUNCTION = YES;
				GCC_WARN_UNUSED_VARIABLE = YES;
				IPHONEOS_DEPLOYMENT_TARGET = 16.4;
				MTL_ENABLE_DEBUG_INFO = INCLUDE_SOURCE;
				MTL_FAST_MATH = YES;
				ONLY_ACTIVE_ARCH = YES;
				SDKROOT = iphoneos;
				SWIFT_ACTIVE_COMPILATION_CONDITIONS = DEBUG;
				SWIFT_OPTIMIZATION_LEVEL = "-Onone";
			};
			name = Debug;
		};
		03ADF40B2A8B8E9B004C3D8C /* Release */ = {
			isa = XCBuildConfiguration;
			buildSettings = {
				ALWAYS_SEARCH_USER_PATHS = NO;
				CLANG_ANALYZER_NONNULL = YES;
				CLANG_ANALYZER_NUMBER_OBJECT_CONVERSION = YES_AGGRESSIVE;
				CLANG_CXX_LANGUAGE_STANDARD = "gnu++20";
				CLANG_ENABLE_MODULES = YES;
				CLANG_ENABLE_OBJC_ARC = YES;
				CLANG_ENABLE_OBJC_WEAK = YES;
				CLANG_WARN_BLOCK_CAPTURE_AUTORELEASING = YES;
				CLANG_WARN_BOOL_CONVERSION = YES;
				CLANG_WARN_COMMA = YES;
				CLANG_WARN_CONSTANT_CONVERSION = YES;
				CLANG_WARN_DEPRECATED_OBJC_IMPLEMENTATIONS = YES;
				CLANG_WARN_DIRECT_OBJC_ISA_USAGE = YES_ERROR;
				CLANG_WARN_DOCUMENTATION_COMMENTS = YES;
				CLANG_WARN_EMPTY_BODY = YES;
				CLANG_WARN_ENUM_CONVERSION = YES;
				CLANG_WARN_INFINITE_RECURSION = YES;
				CLANG_WARN_INT_CONVERSION = YES;
				CLANG_WARN_NON_LITERAL_NULL_CONVERSION = YES;
				CLANG_WARN_OBJC_IMPLICIT_RETAIN_SELF = YES;
				CLANG_WARN_OBJC_LITERAL_CONVERSION = YES;
				CLANG_WARN_OBJC_ROOT_CLASS = YES_ERROR;
				CLANG_WARN_QUOTED_INCLUDE_IN_FRAMEWORK_HEADER = YES;
				CLANG_WARN_RANGE_LOOP_ANALYSIS = YES;
				CLANG_WARN_STRICT_PROTOTYPES = YES;
				CLANG_WARN_SUSPICIOUS_MOVE = YES;
				CLANG_WARN_UNGUARDED_AVAILABILITY = YES_AGGRESSIVE;
				CLANG_WARN_UNREACHABLE_CODE = YES;
				CLANG_WARN__DUPLICATE_METHOD_MATCH = YES;
				COPY_PHASE_STRIP = NO;
				DEBUG_INFORMATION_FORMAT = "dwarf-with-dsym";
				ENABLE_NS_ASSERTIONS = NO;
				ENABLE_STRICT_OBJC_MSGSEND = YES;
				GCC_C_LANGUAGE_STANDARD = gnu11;
				GCC_NO_COMMON_BLOCKS = YES;
				GCC_WARN_64_TO_32_BIT_CONVERSION = YES;
				GCC_WARN_ABOUT_RETURN_TYPE = YES_ERROR;
				GCC_WARN_UNDECLARED_SELECTOR = YES;
				GCC_WARN_UNINITIALIZED_AUTOS = YES_AGGRESSIVE;
				GCC_WARN_UNUSED_FUNCTION = YES;
				GCC_WARN_UNUSED_VARIABLE = YES;
				IPHONEOS_DEPLOYMENT_TARGET = 16.4;
				MTL_ENABLE_DEBUG_INFO = NO;
				MTL_FAST_MATH = YES;
				SDKROOT = iphoneos;
				SWIFT_COMPILATION_MODE = wholemodule;
				SWIFT_OPTIMIZATION_LEVEL = "-O";
				VALIDATE_PRODUCT = YES;
			};
			name = Release;
		};
		03ADF40D2A8B8E9B004C3D8C /* Debug */ = {
			isa = XCBuildConfiguration;
			buildSettings = {
				ASSETCATALOG_COMPILER_APPICON_NAME = AppIcon;
				ASSETCATALOG_COMPILER_GLOBAL_ACCENT_COLOR_NAME = AccentColor;
				CODE_SIGN_STYLE = Automatic;
				CURRENT_PROJECT_VERSION = 1;
				DEVELOPMENT_ASSET_PATHS = "\"Vorsj/Preview Content\"";
				DEVELOPMENT_TEAM = WP99484WGY;
				ENABLE_PREVIEWS = YES;
				GENERATE_INFOPLIST_FILE = YES;
				INFOPLIST_KEY_UIApplicationSceneManifest_Generation = YES;
				INFOPLIST_KEY_UIApplicationSupportsIndirectInputEvents = YES;
				INFOPLIST_KEY_UILaunchScreen_Generation = YES;
				INFOPLIST_KEY_UISupportedInterfaceOrientations_iPad = "UIInterfaceOrientationPortrait UIInterfaceOrientationPortraitUpsideDown UIInterfaceOrientationLandscapeLeft UIInterfaceOrientationLandscapeRight";
				INFOPLIST_KEY_UISupportedInterfaceOrientations_iPhone = "UIInterfaceOrientationPortrait UIInterfaceOrientationLandscapeLeft UIInterfaceOrientationLandscapeRight";
				LD_RUNPATH_SEARCH_PATHS = (
					"$(inherited)",
					"@executable_path/Frameworks",
				);
				MARKETING_VERSION = 1.0;
				PRODUCT_BUNDLE_IDENTIFIER = co.hosseinsharifi.Vorsj;
				PRODUCT_NAME = "$(TARGET_NAME)";
				SWIFT_EMIT_LOC_STRINGS = YES;
				SWIFT_VERSION = 5.0;
				TARGETED_DEVICE_FAMILY = "1,2";
			};
			name = Debug;
		};
		03ADF40E2A8B8E9B004C3D8C /* Release */ = {
			isa = XCBuildConfiguration;
			buildSettings = {
				ASSETCATALOG_COMPILER_APPICON_NAME = AppIcon;
				ASSETCATALOG_COMPILER_GLOBAL_ACCENT_COLOR_NAME = AccentColor;
				CODE_SIGN_STYLE = Automatic;
				CURRENT_PROJECT_VERSION = 1;
				DEVELOPMENT_ASSET_PATHS = "\"Vorsj/Preview Content\"";
				DEVELOPMENT_TEAM = WP99484WGY;
				ENABLE_PREVIEWS = YES;
				GENERATE_INFOPLIST_FILE = YES;
				INFOPLIST_KEY_UIApplicationSceneManifest_Generation = YES;
				INFOPLIST_KEY_UIApplicationSupportsIndirectInputEvents = YES;
				INFOPLIST_KEY_UILaunchScreen_Generation = YES;
				INFOPLIST_KEY_UISupportedInterfaceOrientations_iPad = "UIInterfaceOrientationPortrait UIInterfaceOrientationPortraitUpsideDown UIInterfaceOrientationLandscapeLeft UIInterfaceOrientationLandscapeRight";
				INFOPLIST_KEY_UISupportedInterfaceOrientations_iPhone = "UIInterfaceOrientationPortrait UIInterfaceOrientationLandscapeLeft UIInterfaceOrientationLandscapeRight";
				LD_RUNPATH_SEARCH_PATHS = (
					"$(inherited)",
					"@executable_path/Frameworks",
				);
				MARKETING_VERSION = 1.0;
				PRODUCT_BUNDLE_IDENTIFIER = co.hosseinsharifi.Vorsj;
				PRODUCT_NAME = "$(TARGET_NAME)";
				SWIFT_EMIT_LOC_STRINGS = YES;
				SWIFT_VERSION = 5.0;
				TARGETED_DEVICE_FAMILY = "1,2";
			};
			name = Release;
		};
/* End XCBuildConfiguration section */

/* Begin XCConfigurationList section */
		03ADF3F92A8B8E99004C3D8C /* Build configuration list for PBXProject "Vorsj" */ = {
			isa = XCConfigurationList;
			buildConfigurations = (
				03ADF40A2A8B8E9B004C3D8C /* Debug */,
				03ADF40B2A8B8E9B004C3D8C /* Release */,
			);
			defaultConfigurationIsVisible = 0;
			defaultConfigurationName = Release;
		};
		03ADF40C2A8B8E9B004C3D8C /* Build configuration list for PBXNativeTarget "Vorsj" */ = {
			isa = XCConfigurationList;
			buildConfigurations = (
				03ADF40D2A8B8E9B004C3D8C /* Debug */,
				03ADF40E2A8B8E9B004C3D8C /* Release */,
			);
			defaultConfigurationIsVisible = 0;
			defaultConfigurationName = Release;
		};
/* End XCConfigurationList section */
	};
	rootObject = 03ADF3F62A8B8E99004C3D8C /* Project object */;
}
