// !$*UTF8*$!
{
	archiveVersion = 1;
	classes = {
	};
	objectVersion = 56;
	objects = {

/* Begin PBXBuildFile section */
		032C94722A94DB0300B4BD31 /* ComposeArea.swift in Sources */ = {isa = PBXBuildFile; fileRef = 032C94712A94DB0300B4BD31 /* ComposeArea.swift */; };
		032C94792A96056800B4BD31 /* HeaderView.swift in Sources */ = {isa = PBXBuildFile; fileRef = 032C94782A96056800B4BD31 /* HeaderView.swift */; };
		032C947B2A96058E00B4BD31 /* MessageBubble.swift in Sources */ = {isa = PBXBuildFile; fileRef = 032C947A2A96058E00B4BD31 /* MessageBubble.swift */; };
		033305A22A9383290084D323 /* Volume4.json in Resources */ = {isa = PBXBuildFile; fileRef = 033305A12A9383290084D323 /* Volume4.json */; };
		033733162A973BEA005DA72C /* sexonfire.json in Resources */ = {isa = PBXBuildFile; fileRef = 033733152A973BEA005DA72C /* sexonfire.json */; };
		033733182A97431D005DA72C /* dancingqueen.json in Resources */ = {isa = PBXBuildFile; fileRef = 033733172A97431D005DA72C /* dancingqueen.json */; };
		0337331A2A9747D3005DA72C /* iwantitthatway.json in Resources */ = {isa = PBXBuildFile; fileRef = 033733192A9747D3005DA72C /* iwantitthatway.json */; };
		0337331C2A974951005DA72C /* layallyourloveonme.json in Resources */ = {isa = PBXBuildFile; fileRef = 0337331B2A974951005DA72C /* layallyourloveonme.json */; };
		0337331E2A974B27005DA72C /* rosahelikopter.json in Resources */ = {isa = PBXBuildFile; fileRef = 0337331D2A974B27005DA72C /* rosahelikopter.json */; };
		033733202A974D22005DA72C /* foreveralone.json in Resources */ = {isa = PBXBuildFile; fileRef = 0337331F2A974D22005DA72C /* foreveralone.json */; };
		033733222A975B1C005DA72C /* takeonme.json in Resources */ = {isa = PBXBuildFile; fileRef = 033733212A975B1C005DA72C /* takeonme.json */; };
		033733242A975CCE005DA72C /* fairytale.json in Resources */ = {isa = PBXBuildFile; fileRef = 033733232A975CCE005DA72C /* fairytale.json */; };
		033733262A975D56005DA72C /* sorry.json in Resources */ = {isa = PBXBuildFile; fileRef = 033733252A975D56005DA72C /* sorry.json */; };
		033733282A975DCF005DA72C /* newwayhome.json in Resources */ = {isa = PBXBuildFile; fileRef = 033733272A975DCF005DA72C /* newwayhome.json */; };
		0337332D2A976895005DA72C /* Spotify.swift in Sources */ = {isa = PBXBuildFile; fileRef = 0337332C2A976895005DA72C /* Spotify.swift */; };
		033F53692AA0C3D0005D44B3 /* JegHarAldri.swift in Sources */ = {isa = PBXBuildFile; fileRef = 033F53682AA0C3D0005D44B3 /* JegHarAldri.swift */; };
		033F53782AA0C955005D44B3 /* JegHarAldriListView.swift in Sources */ = {isa = PBXBuildFile; fileRef = 033F53772AA0C955005D44B3 /* JegHarAldriListView.swift */; };
		034A39562AB4648C005ED690 /* JegHarAldriVolume3.json in Resources */ = {isa = PBXBuildFile; fileRef = 034A39502AB4648C005ED690 /* JegHarAldriVolume3.json */; };
		034A39572AB4648C005ED690 /* JegHarAldriVolume2.json in Resources */ = {isa = PBXBuildFile; fileRef = 034A39512AB4648C005ED690 /* JegHarAldriVolume2.json */; };
		034A39582AB4648C005ED690 /* JegHarAldriS3XEdition.json in Resources */ = {isa = PBXBuildFile; fileRef = 034A39522AB4648C005ED690 /* JegHarAldriS3XEdition.json */; };
		034A39592AB4648C005ED690 /* JegHarAldriVolume4.json in Resources */ = {isa = PBXBuildFile; fileRef = 034A39532AB4648C005ED690 /* JegHarAldriVolume4.json */; };
		034A395A2AB4648C005ED690 /* JegHarAldriVolume1.json in Resources */ = {isa = PBXBuildFile; fileRef = 034A39542AB4648C005ED690 /* JegHarAldriVolume1.json */; };
		034A395B2AB4648C005ED690 /* JegHarAldriVolume5.json in Resources */ = {isa = PBXBuildFile; fileRef = 034A39552AB4648C005ED690 /* JegHarAldriVolume5.json */; };
		0389473F2AB5267600BC572D /* cornfieldchase.json in Resources */ = {isa = PBXBuildFile; fileRef = 0389473E2AB5267600BC572D /* cornfieldchase.json */; };
		038947412AB5C7FC00BC572D /* ChatsTabBarView.swift in Sources */ = {isa = PBXBuildFile; fileRef = 038947402AB5C7FC00BC572D /* ChatsTabBarView.swift */; };
		038947442AB5C9B200BC572D /* StartNachet.swift in Sources */ = {isa = PBXBuildFile; fileRef = 038947432AB5C9B200BC572D /* StartNachet.swift */; };
		038947462AB5CC8000BC572D /* startnachet.json in Resources */ = {isa = PBXBuildFile; fileRef = 038947452AB5CC8000BC572D /* startnachet.json */; };
		03ADF4022A8B8E99004C3D8C /* VorsjApp.swift in Sources */ = {isa = PBXBuildFile; fileRef = 03ADF4012A8B8E99004C3D8C /* VorsjApp.swift */; };
		03ADF4042A8B8E99004C3D8C /* ContentView.swift in Sources */ = {isa = PBXBuildFile; fileRef = 03ADF4032A8B8E99004C3D8C /* ContentView.swift */; };
		03ADF4062A8B8E9B004C3D8C /* Assets.xcassets in Resources */ = {isa = PBXBuildFile; fileRef = 03ADF4052A8B8E9B004C3D8C /* Assets.xcassets */; };
		03ADF4092A8B8E9B004C3D8C /* Preview Assets.xcassets in Resources */ = {isa = PBXBuildFile; fileRef = 03ADF4082A8B8E9B004C3D8C /* Preview Assets.xcassets */; };
		03ADF4132A8B8F1D004C3D8C /* Volume5BI.json in Resources */ = {isa = PBXBuildFile; fileRef = 03ADF4122A8B8F1D004C3D8C /* Volume5BI.json */; };
		03ADF4172A8B8FAA004C3D8C /* ModelData.swift in Sources */ = {isa = PBXBuildFile; fileRef = 03ADF4162A8B8FAA004C3D8C /* ModelData.swift */; };
		03ADF41B2A8B917B004C3D8C /* Question.swift in Sources */ = {isa = PBXBuildFile; fileRef = 03ADF41A2A8B917B004C3D8C /* Question.swift */; };
		03ADF41D2A8B9296004C3D8C /* QuestionCardView.swift in Sources */ = {isa = PBXBuildFile; fileRef = 03ADF41C2A8B9296004C3D8C /* QuestionCardView.swift */; };
		03ADF4252A8BA380004C3D8C /* 5050.json in Resources */ = {isa = PBXBuildFile; fileRef = 03ADF4242A8BA380004C3D8C /* 5050.json */; };
		03ADF4302A8BA80E004C3D8C /* Volume1.json in Resources */ = {isa = PBXBuildFile; fileRef = 03ADF42F2A8BA80E004C3D8C /* Volume1.json */; };
		03ADF4352A8BA924004C3D8C /* Volume2.json in Resources */ = {isa = PBXBuildFile; fileRef = 03ADF4342A8BA923004C3D8C /* Volume2.json */; };
		03ADF43A2A8BAAF3004C3D8C /* Volume3.json in Resources */ = {isa = PBXBuildFile; fileRef = 03ADF4392A8BAAF3004C3D8C /* Volume3.json */; };
		03ADF43C2A8BACA6004C3D8C /* HundredView.swift in Sources */ = {isa = PBXBuildFile; fileRef = 03ADF43B2A8BACA6004C3D8C /* HundredView.swift */; };
		03ADF43E2A8BAE4B004C3D8C /* HundredQuestionsListView.swift in Sources */ = {isa = PBXBuildFile; fileRef = 03ADF43D2A8BAE4B004C3D8C /* HundredQuestionsListView.swift */; };
		03ADF4412A8CC4E8004C3D8C /* Volume6.json in Resources */ = {isa = PBXBuildFile; fileRef = 03ADF4402A8CC4E8004C3D8C /* Volume6.json */; };
		03ADF4432A8CC6A3004C3D8C /* Volume7.json in Resources */ = {isa = PBXBuildFile; fileRef = 03ADF4422A8CC6A3004C3D8C /* Volume7.json */; };
		03ADF4452A8CC783004C3D8C /* Parleken.json in Resources */ = {isa = PBXBuildFile; fileRef = 03ADF4442A8CC783004C3D8C /* Parleken.json */; };
		03ADF4472A8CCA6C004C3D8C /* Kompliment.json in Resources */ = {isa = PBXBuildFile; fileRef = 03ADF4462A8CCA6C004C3D8C /* Kompliment.json */; };
		03ADF44A2A8CDC7A004C3D8C /* ChuggEllerSannhetVolume.swift in Sources */ = {isa = PBXBuildFile; fileRef = 03ADF4492A8CDC79004C3D8C /* ChuggEllerSannhetVolume.swift */; };
		03ADF44C2A8CDFAC004C3D8C /* ChuggEllerSannhetVolume1.json in Resources */ = {isa = PBXBuildFile; fileRef = 03ADF44B2A8CDFAC004C3D8C /* ChuggEllerSannhetVolume1.json */; };
		03ADF44E2A8CE3DB004C3D8C /* CustomToggleStyle.swift in Sources */ = {isa = PBXBuildFile; fileRef = 03ADF44D2A8CE3DB004C3D8C /* CustomToggleStyle.swift */; };
		03ADF4522A8CE5A4004C3D8C /* ChuggEllerSannhetVolume2.swift in Sources */ = {isa = PBXBuildFile; fileRef = 03ADF4512A8CE5A4004C3D8C /* ChuggEllerSannhetVolume2.swift */; };
		03ADF4542A8CE661004C3D8C /* ChuggEllerSannhetVolume2.json in Resources */ = {isa = PBXBuildFile; fileRef = 03ADF4532A8CE661004C3D8C /* ChuggEllerSannhetVolume2.json */; };
		03ADF4562A8CE726004C3D8C /* ChuggEllerSannhetVolume3.swift in Sources */ = {isa = PBXBuildFile; fileRef = 03ADF4552A8CE726004C3D8C /* ChuggEllerSannhetVolume3.swift */; };
		03ADF4582A8CE787004C3D8C /* ChuggEllerSannhetVolume3.json in Resources */ = {isa = PBXBuildFile; fileRef = 03ADF4572A8CE787004C3D8C /* ChuggEllerSannhetVolume3.json */; };
		03ADF45A2A8CE7EE004C3D8C /* ChuggEllerSannhetListView.swift in Sources */ = {isa = PBXBuildFile; fileRef = 03ADF4592A8CE7EE004C3D8C /* ChuggEllerSannhetListView.swift */; };
		03D7A2172A977517002F250D /* bestsongever.json in Resources */ = {isa = PBXBuildFile; fileRef = 03E9CE1F2A96572D002EC676 /* bestsongever.json */; };
		03E2A6362AAF33FE0006A73D /* WelcomeSheet.swift in Sources */ = {isa = PBXBuildFile; fileRef = 03E2A6352AAF33FE0006A73D /* WelcomeSheet.swift */; };
		03E2A6382AAF3FA50006A73D /* Volume41.json in Resources */ = {isa = PBXBuildFile; fileRef = 03E2A6372AAF3FA50006A73D /* Volume41.json */; };
		03E9CE152A96473A002EC676 /* KaraokeListView.swift in Sources */ = {isa = PBXBuildFile; fileRef = 03E9CE142A96473A002EC676 /* KaraokeListView.swift */; };
		03E9CE172A964767002EC676 /* KaraokeView.swift in Sources */ = {isa = PBXBuildFile; fileRef = 03E9CE162A964767002EC676 /* KaraokeView.swift */; };
		03E9CE192A96481A002EC676 /* Song.swift in Sources */ = {isa = PBXBuildFile; fileRef = 03E9CE182A96481A002EC676 /* Song.swift */; };
		03E9CE1C2A964BA3002EC676 /* livinonaprayer.json in Resources */ = {isa = PBXBuildFile; fileRef = 03E9CE132A964501002EC676 /* livinonaprayer.json */; };
		03F6F62A2AA4CE8C0026FB24 /* vivalavida.json in Resources */ = {isa = PBXBuildFile; fileRef = 03F6F6292AA4CE8C0026FB24 /* vivalavida.json */; };
/* End PBXBuildFile section */

/* Begin PBXFileReference section */
		032C94712A94DB0300B4BD31 /* ComposeArea.swift */ = {isa = PBXFileReference; lastKnownFileType = sourcecode.swift; path = ComposeArea.swift; sourceTree = "<group>"; };
		032C94782A96056800B4BD31 /* HeaderView.swift */ = {isa = PBXFileReference; lastKnownFileType = sourcecode.swift; path = HeaderView.swift; sourceTree = "<group>"; };
		032C947A2A96058E00B4BD31 /* MessageBubble.swift */ = {isa = PBXFileReference; lastKnownFileType = sourcecode.swift; path = MessageBubble.swift; sourceTree = "<group>"; };
		033305A12A9383290084D323 /* Volume4.json */ = {isa = PBXFileReference; fileEncoding = 4; lastKnownFileType = text.json; path = Volume4.json; sourceTree = "<group>"; };
		033733152A973BEA005DA72C /* sexonfire.json */ = {isa = PBXFileReference; fileEncoding = 4; lastKnownFileType = text.json; name = sexonfire.json; path = ../../../../../sexonfire.json; sourceTree = "<group>"; };
		033733172A97431D005DA72C /* dancingqueen.json */ = {isa = PBXFileReference; fileEncoding = 4; lastKnownFileType = text.json; name = dancingqueen.json; path = ../../../../../dancingqueen.json; sourceTree = "<group>"; };
		033733192A9747D3005DA72C /* iwantitthatway.json */ = {isa = PBXFileReference; fileEncoding = 4; lastKnownFileType = text.json; name = iwantitthatway.json; path = ../../../../../iwantitthatway.json; sourceTree = "<group>"; };
		0337331B2A974951005DA72C /* layallyourloveonme.json */ = {isa = PBXFileReference; fileEncoding = 4; lastKnownFileType = text.json; name = layallyourloveonme.json; path = ../../../../../layallyourloveonme.json; sourceTree = "<group>"; };
		0337331D2A974B27005DA72C /* rosahelikopter.json */ = {isa = PBXFileReference; fileEncoding = 4; lastKnownFileType = text.json; name = rosahelikopter.json; path = ../../../../../rosahelikopter.json; sourceTree = "<group>"; };
		0337331F2A974D22005DA72C /* foreveralone.json */ = {isa = PBXFileReference; fileEncoding = 4; lastKnownFileType = text.json; name = foreveralone.json; path = ../../../../../foreveralone.json; sourceTree = "<group>"; };
		033733212A975B1C005DA72C /* takeonme.json */ = {isa = PBXFileReference; fileEncoding = 4; lastKnownFileType = text.json; name = takeonme.json; path = ../../../../../takeonme.json; sourceTree = "<group>"; };
		033733232A975CCE005DA72C /* fairytale.json */ = {isa = PBXFileReference; fileEncoding = 4; lastKnownFileType = text.json; name = fairytale.json; path = ../../../../../fairytale.json; sourceTree = "<group>"; };
		033733252A975D56005DA72C /* sorry.json */ = {isa = PBXFileReference; fileEncoding = 4; lastKnownFileType = text.json; name = sorry.json; path = ../../../../../sorry.json; sourceTree = "<group>"; };
		033733272A975DCF005DA72C /* newwayhome.json */ = {isa = PBXFileReference; fileEncoding = 4; lastKnownFileType = text.json; name = newwayhome.json; path = ../../../../../newwayhome.json; sourceTree = "<group>"; };
		0337332C2A976895005DA72C /* Spotify.swift */ = {isa = PBXFileReference; lastKnownFileType = sourcecode.swift; path = Spotify.swift; sourceTree = "<group>"; };
		033F53682AA0C3D0005D44B3 /* JegHarAldri.swift */ = {isa = PBXFileReference; lastKnownFileType = sourcecode.swift; path = JegHarAldri.swift; sourceTree = "<group>"; };
		033F53772AA0C955005D44B3 /* JegHarAldriListView.swift */ = {isa = PBXFileReference; lastKnownFileType = sourcecode.swift; path = JegHarAldriListView.swift; sourceTree = "<group>"; };
		034A39502AB4648C005ED690 /* JegHarAldriVolume3.json */ = {isa = PBXFileReference; fileEncoding = 4; lastKnownFileType = text.json; path = JegHarAldriVolume3.json; sourceTree = "<group>"; };
		034A39512AB4648C005ED690 /* JegHarAldriVolume2.json */ = {isa = PBXFileReference; fileEncoding = 4; lastKnownFileType = text.json; path = JegHarAldriVolume2.json; sourceTree = "<group>"; };
		034A39522AB4648C005ED690 /* JegHarAldriS3XEdition.json */ = {isa = PBXFileReference; fileEncoding = 4; lastKnownFileType = text.json; path = JegHarAldriS3XEdition.json; sourceTree = "<group>"; };
		034A39532AB4648C005ED690 /* JegHarAldriVolume4.json */ = {isa = PBXFileReference; fileEncoding = 4; lastKnownFileType = text.json; path = JegHarAldriVolume4.json; sourceTree = "<group>"; };
		034A39542AB4648C005ED690 /* JegHarAldriVolume1.json */ = {isa = PBXFileReference; fileEncoding = 4; lastKnownFileType = text.json; path = JegHarAldriVolume1.json; sourceTree = "<group>"; };
		034A39552AB4648C005ED690 /* JegHarAldriVolume5.json */ = {isa = PBXFileReference; fileEncoding = 4; lastKnownFileType = text.json; path = JegHarAldriVolume5.json; sourceTree = "<group>"; };
		0389473E2AB5267600BC572D /* cornfieldchase.json */ = {isa = PBXFileReference; fileEncoding = 4; lastKnownFileType = text.json; name = cornfieldchase.json; path = ../../../../../cornfieldchase.json; sourceTree = "<group>"; };
		038947402AB5C7FC00BC572D /* ChatsTabBarView.swift */ = {isa = PBXFileReference; lastKnownFileType = sourcecode.swift; path = ChatsTabBarView.swift; sourceTree = "<group>"; };
		038947432AB5C9B200BC572D /* StartNachet.swift */ = {isa = PBXFileReference; lastKnownFileType = sourcecode.swift; path = StartNachet.swift; sourceTree = "<group>"; };
		038947452AB5CC8000BC572D /* startnachet.json */ = {isa = PBXFileReference; fileEncoding = 4; lastKnownFileType = text.json; name = startnachet.json; path = ../../../startnachet.json; sourceTree = "<group>"; };
		03ADF3FE2A8B8E99004C3D8C /* Vorsj.app */ = {isa = PBXFileReference; explicitFileType = wrapper.application; includeInIndex = 0; path = Vorsj.app; sourceTree = BUILT_PRODUCTS_DIR; };
		03ADF4012A8B8E99004C3D8C /* VorsjApp.swift */ = {isa = PBXFileReference; lastKnownFileType = sourcecode.swift; path = VorsjApp.swift; sourceTree = "<group>"; };
		03ADF4032A8B8E99004C3D8C /* ContentView.swift */ = {isa = PBXFileReference; lastKnownFileType = sourcecode.swift; path = ContentView.swift; sourceTree = "<group>"; };
		03ADF4052A8B8E9B004C3D8C /* Assets.xcassets */ = {isa = PBXFileReference; lastKnownFileType = folder.assetcatalog; path = Assets.xcassets; sourceTree = "<group>"; };
		03ADF4082A8B8E9B004C3D8C /* Preview Assets.xcassets */ = {isa = PBXFileReference; lastKnownFileType = folder.assetcatalog; path = "Preview Assets.xcassets"; sourceTree = "<group>"; };
		03ADF4122A8B8F1D004C3D8C /* Volume5BI.json */ = {isa = PBXFileReference; fileEncoding = 4; lastKnownFileType = text.json; path = Volume5BI.json; sourceTree = "<group>"; };
		03ADF4162A8B8FAA004C3D8C /* ModelData.swift */ = {isa = PBXFileReference; lastKnownFileType = sourcecode.swift; path = ModelData.swift; sourceTree = "<group>"; };
		03ADF41A2A8B917B004C3D8C /* Question.swift */ = {isa = PBXFileReference; lastKnownFileType = sourcecode.swift; path = Question.swift; sourceTree = "<group>"; };
		03ADF41C2A8B9296004C3D8C /* QuestionCardView.swift */ = {isa = PBXFileReference; lastKnownFileType = sourcecode.swift; path = QuestionCardView.swift; sourceTree = "<group>"; };
		03ADF4242A8BA380004C3D8C /* 5050.json */ = {isa = PBXFileReference; fileEncoding = 4; lastKnownFileType = text.json; path = 5050.json; sourceTree = "<group>"; };
		03ADF42F2A8BA80E004C3D8C /* Volume1.json */ = {isa = PBXFileReference; fileEncoding = 4; lastKnownFileType = text.json; path = Volume1.json; sourceTree = "<group>"; };
		03ADF4342A8BA923004C3D8C /* Volume2.json */ = {isa = PBXFileReference; fileEncoding = 4; lastKnownFileType = text.json; path = Volume2.json; sourceTree = "<group>"; };
		03ADF4392A8BAAF3004C3D8C /* Volume3.json */ = {isa = PBXFileReference; fileEncoding = 4; lastKnownFileType = text.json; path = Volume3.json; sourceTree = "<group>"; };
		03ADF43B2A8BACA6004C3D8C /* HundredView.swift */ = {isa = PBXFileReference; lastKnownFileType = sourcecode.swift; path = HundredView.swift; sourceTree = "<group>"; };
		03ADF43D2A8BAE4B004C3D8C /* HundredQuestionsListView.swift */ = {isa = PBXFileReference; lastKnownFileType = sourcecode.swift; path = HundredQuestionsListView.swift; sourceTree = "<group>"; };
		03ADF4402A8CC4E8004C3D8C /* Volume6.json */ = {isa = PBXFileReference; fileEncoding = 4; lastKnownFileType = text.json; path = Volume6.json; sourceTree = "<group>"; };
		03ADF4422A8CC6A3004C3D8C /* Volume7.json */ = {isa = PBXFileReference; fileEncoding = 4; lastKnownFileType = text.json; path = Volume7.json; sourceTree = "<group>"; };
		03ADF4442A8CC783004C3D8C /* Parleken.json */ = {isa = PBXFileReference; fileEncoding = 4; lastKnownFileType = text.json; path = Parleken.json; sourceTree = "<group>"; };
		03ADF4462A8CCA6C004C3D8C /* Kompliment.json */ = {isa = PBXFileReference; fileEncoding = 4; lastKnownFileType = text.json; path = Kompliment.json; sourceTree = "<group>"; };
		03ADF4492A8CDC79004C3D8C /* ChuggEllerSannhetVolume.swift */ = {isa = PBXFileReference; lastKnownFileType = sourcecode.swift; path = ChuggEllerSannhetVolume.swift; sourceTree = "<group>"; };
		03ADF44B2A8CDFAC004C3D8C /* ChuggEllerSannhetVolume1.json */ = {isa = PBXFileReference; fileEncoding = 4; lastKnownFileType = text.json; path = ChuggEllerSannhetVolume1.json; sourceTree = "<group>"; };
		03ADF44D2A8CE3DB004C3D8C /* CustomToggleStyle.swift */ = {isa = PBXFileReference; lastKnownFileType = sourcecode.swift; path = CustomToggleStyle.swift; sourceTree = "<group>"; };
		03ADF4512A8CE5A4004C3D8C /* ChuggEllerSannhetVolume2.swift */ = {isa = PBXFileReference; lastKnownFileType = sourcecode.swift; path = ChuggEllerSannhetVolume2.swift; sourceTree = "<group>"; };
		03ADF4532A8CE661004C3D8C /* ChuggEllerSannhetVolume2.json */ = {isa = PBXFileReference; fileEncoding = 4; lastKnownFileType = text.json; path = ChuggEllerSannhetVolume2.json; sourceTree = "<group>"; };
		03ADF4552A8CE726004C3D8C /* ChuggEllerSannhetVolume3.swift */ = {isa = PBXFileReference; lastKnownFileType = sourcecode.swift; path = ChuggEllerSannhetVolume3.swift; sourceTree = "<group>"; };
		03ADF4572A8CE787004C3D8C /* ChuggEllerSannhetVolume3.json */ = {isa = PBXFileReference; fileEncoding = 4; lastKnownFileType = text.json; path = ChuggEllerSannhetVolume3.json; sourceTree = "<group>"; };
		03ADF4592A8CE7EE004C3D8C /* ChuggEllerSannhetListView.swift */ = {isa = PBXFileReference; lastKnownFileType = sourcecode.swift; path = ChuggEllerSannhetListView.swift; sourceTree = "<group>"; };
		03E2A6352AAF33FE0006A73D /* WelcomeSheet.swift */ = {isa = PBXFileReference; lastKnownFileType = sourcecode.swift; path = WelcomeSheet.swift; sourceTree = "<group>"; };
		03E2A6372AAF3FA50006A73D /* Volume41.json */ = {isa = PBXFileReference; fileEncoding = 4; lastKnownFileType = text.json; name = Volume41.json; path = ../../../../../Volume41.json; sourceTree = "<group>"; };
		03E9CE132A964501002EC676 /* livinonaprayer.json */ = {isa = PBXFileReference; lastKnownFileType = text.json; path = livinonaprayer.json; sourceTree = "<group>"; };
		03E9CE142A96473A002EC676 /* KaraokeListView.swift */ = {isa = PBXFileReference; lastKnownFileType = sourcecode.swift; path = KaraokeListView.swift; sourceTree = "<group>"; };
		03E9CE162A964767002EC676 /* KaraokeView.swift */ = {isa = PBXFileReference; lastKnownFileType = sourcecode.swift; path = KaraokeView.swift; sourceTree = "<group>"; };
		03E9CE182A96481A002EC676 /* Song.swift */ = {isa = PBXFileReference; lastKnownFileType = sourcecode.swift; path = Song.swift; sourceTree = "<group>"; };
		03E9CE1F2A96572D002EC676 /* bestsongever.json */ = {isa = PBXFileReference; lastKnownFileType = text.json; path = bestsongever.json; sourceTree = "<group>"; };
		03F6F6292AA4CE8C0026FB24 /* vivalavida.json */ = {isa = PBXFileReference; fileEncoding = 4; lastKnownFileType = text.json; name = vivalavida.json; path = ../../../../../vivalavida.json; sourceTree = "<group>"; };
/* End PBXFileReference section */

/* Begin PBXFrameworksBuildPhase section */
		03ADF3FB2A8B8E99004C3D8C /* Frameworks */ = {
			isa = PBXFrameworksBuildPhase;
			buildActionMask = 2147483647;
			files = (
			);
			runOnlyForDeploymentPostprocessing = 0;
		};
/* End PBXFrameworksBuildPhase section */

/* Begin PBXGroup section */
		032C94732A94DC7C00B4BD31 /* Messages */ = {
			isa = PBXGroup;
			children = (
				032C94712A94DB0300B4BD31 /* ComposeArea.swift */,
				038947402AB5C7FC00BC572D /* ChatsTabBarView.swift */,
				032C947A2A96058E00B4BD31 /* MessageBubble.swift */,
			);
			path = Messages;
			sourceTree = "<group>";
		};
		033733292A976853005DA72C /* SpotifyAlbum */ = {
			isa = PBXGroup;
			children = (
				0337332C2A976895005DA72C /* Spotify.swift */,
			);
			path = SpotifyAlbum;
			sourceTree = "<group>";
		};
		033F53672AA0C3A1005D44B3 /* Jeg har aldri */ = {
			isa = PBXGroup;
			children = (
				033F53682AA0C3D0005D44B3 /* JegHarAldri.swift */,
				033F53772AA0C955005D44B3 /* JegHarAldriListView.swift */,
				034A39522AB4648C005ED690 /* JegHarAldriS3XEdition.json */,
				034A39542AB4648C005ED690 /* JegHarAldriVolume1.json */,
				034A39512AB4648C005ED690 /* JegHarAldriVolume2.json */,
				034A39502AB4648C005ED690 /* JegHarAldriVolume3.json */,
				034A39532AB4648C005ED690 /* JegHarAldriVolume4.json */,
				034A39552AB4648C005ED690 /* JegHarAldriVolume5.json */,
			);
			path = "Jeg har aldri";
			sourceTree = "<group>";
		};
		038947422AB5C95600BC572D /* Narch */ = {
			isa = PBXGroup;
			children = (
				038947432AB5C9B200BC572D /* StartNachet.swift */,
				038947452AB5CC8000BC572D /* startnachet.json */,
			);
			name = Narch;
			sourceTree = "<group>";
		};
		03ADF3F52A8B8E99004C3D8C = {
			isa = PBXGroup;
			children = (
				03ADF4002A8B8E99004C3D8C /* Vorsj */,
				03ADF3FF2A8B8E99004C3D8C /* Products */,
			);
			sourceTree = "<group>";
		};
		03ADF3FF2A8B8E99004C3D8C /* Products */ = {
			isa = PBXGroup;
			children = (
				03ADF3FE2A8B8E99004C3D8C /* Vorsj.app */,
			);
			name = Products;
			sourceTree = "<group>";
		};
		03ADF4002A8B8E99004C3D8C /* Vorsj */ = {
			isa = PBXGroup;
			children = (
				03ADF4012A8B8E99004C3D8C /* VorsjApp.swift */,
				03ADF4032A8B8E99004C3D8C /* ContentView.swift */,
				03E2A6352AAF33FE0006A73D /* WelcomeSheet.swift */,
				03ADF4182A8B905B004C3D8C /* 100Spørsmål */,
				03ADF44F2A8CE533004C3D8C /* Chugg eller sannhet */,
				03E9CE0F2A9644A5002EC676 /* Karaoke */,
				033F53672AA0C3A1005D44B3 /* Jeg har aldri */,
				038947422AB5C95600BC572D /* Narch */,
				03ADF4162A8B8FAA004C3D8C /* ModelData.swift */,
				03ADF41A2A8B917B004C3D8C /* Question.swift */,
				03E9CE182A96481A002EC676 /* Song.swift */,
				03ADF4052A8B8E9B004C3D8C /* Assets.xcassets */,
				03ADF4072A8B8E9B004C3D8C /* Preview Content */,
			);
			path = Vorsj;
			sourceTree = "<group>";
		};
		03ADF4072A8B8E9B004C3D8C /* Preview Content */ = {
			isa = PBXGroup;
			children = (
				03ADF4082A8B8E9B004C3D8C /* Preview Assets.xcassets */,
			);
			path = "Preview Content";
			sourceTree = "<group>";
		};
		03ADF4182A8B905B004C3D8C /* 100Spørsmål */ = {
			isa = PBXGroup;
			children = (
				03ADF43D2A8BAE4B004C3D8C /* HundredQuestionsListView.swift */,
				03ADF43B2A8BACA6004C3D8C /* HundredView.swift */,
				032C94782A96056800B4BD31 /* HeaderView.swift */,
				03ADF41C2A8B9296004C3D8C /* QuestionCardView.swift */,
				032C94732A94DC7C00B4BD31 /* Messages */,
				03ADF4482A8CCB15004C3D8C /* JSON 100 Spørsmål  */,
			);
			name = "100Spørsmål";
			path = "100Spørsmål";
			sourceTree = "<group>";
		};
		03ADF4482A8CCB15004C3D8C /* JSON 100 Spørsmål  */ = {
			isa = PBXGroup;
			children = (
				03ADF4242A8BA380004C3D8C /* 5050.json */,
				03ADF42F2A8BA80E004C3D8C /* Volume1.json */,
				03ADF4342A8BA923004C3D8C /* Volume2.json */,
				03ADF4392A8BAAF3004C3D8C /* Volume3.json */,
				033305A12A9383290084D323 /* Volume4.json */,
				03E2A6372AAF3FA50006A73D /* Volume41.json */,
				03ADF4122A8B8F1D004C3D8C /* Volume5BI.json */,
				03ADF4402A8CC4E8004C3D8C /* Volume6.json */,
				03ADF4422A8CC6A3004C3D8C /* Volume7.json */,
				03ADF4442A8CC783004C3D8C /* Parleken.json */,
				03ADF4462A8CCA6C004C3D8C /* Kompliment.json */,
			);
			name = "JSON 100 Spørsmål ";
			path = "100 Spørsmål JSON";
			sourceTree = "<group>";
		};
		03ADF44F2A8CE533004C3D8C /* Chugg eller sannhet */ = {
			isa = PBXGroup;
			children = (
				03ADF4592A8CE7EE004C3D8C /* ChuggEllerSannhetListView.swift */,
				03ADF4492A8CDC79004C3D8C /* ChuggEllerSannhetVolume.swift */,
				03ADF4512A8CE5A4004C3D8C /* ChuggEllerSannhetVolume2.swift */,
				03ADF4552A8CE726004C3D8C /* ChuggEllerSannhetVolume3.swift */,
				03ADF44D2A8CE3DB004C3D8C /* CustomToggleStyle.swift */,
				03ADF4502A8CE53D004C3D8C /* JSON Chugg eller sannhet */,
			);
			path = "Chugg eller sannhet";
			sourceTree = "<group>";
		};
		03ADF4502A8CE53D004C3D8C /* JSON Chugg eller sannhet */ = {
			isa = PBXGroup;
			children = (
				03ADF44B2A8CDFAC004C3D8C /* ChuggEllerSannhetVolume1.json */,
				03ADF4532A8CE661004C3D8C /* ChuggEllerSannhetVolume2.json */,
				03ADF4572A8CE787004C3D8C /* ChuggEllerSannhetVolume3.json */,
			);
			path = "JSON Chugg eller sannhet";
			sourceTree = "<group>";
		};
		03E9CE0F2A9644A5002EC676 /* Karaoke */ = {
			isa = PBXGroup;
			children = (
				03E9CE142A96473A002EC676 /* KaraokeListView.swift */,
				03E9CE162A964767002EC676 /* KaraokeView.swift */,
				033733292A976853005DA72C /* SpotifyAlbum */,
				03E9CE122A964501002EC676 /* Karaoke JSON */,
			);
			path = Karaoke;
			sourceTree = "<group>";
		};
		03E9CE122A964501002EC676 /* Karaoke JSON */ = {
			isa = PBXGroup;
			children = (
				03E9CE132A964501002EC676 /* livinonaprayer.json */,
				03E9CE1F2A96572D002EC676 /* bestsongever.json */,
				033733152A973BEA005DA72C /* sexonfire.json */,
				033733172A97431D005DA72C /* dancingqueen.json */,
				033733192A9747D3005DA72C /* iwantitthatway.json */,
				0337331B2A974951005DA72C /* layallyourloveonme.json */,
				0337331D2A974B27005DA72C /* rosahelikopter.json */,
				033733272A975DCF005DA72C /* newwayhome.json */,
				0337331F2A974D22005DA72C /* foreveralone.json */,
				033733232A975CCE005DA72C /* fairytale.json */,
				033733212A975B1C005DA72C /* takeonme.json */,
				033733252A975D56005DA72C /* sorry.json */,
				03F6F6292AA4CE8C0026FB24 /* vivalavida.json */,
				0389473E2AB5267600BC572D /* cornfieldchase.json */,
			);
			path = "Karaoke JSON";
			sourceTree = "<group>";
		};
/* End PBXGroup section */

/* Begin PBXNativeTarget section */
		03ADF3FD2A8B8E99004C3D8C /* Vorsj */ = {
			isa = PBXNativeTarget;
			buildConfigurationList = 03ADF40C2A8B8E9B004C3D8C /* Build configuration list for PBXNativeTarget "Vorsj" */;
			buildPhases = (
				03ADF3FA2A8B8E99004C3D8C /* Sources */,
				03ADF3FB2A8B8E99004C3D8C /* Frameworks */,
				03ADF3FC2A8B8E99004C3D8C /* Resources */,
			);
			buildRules = (
			);
			dependencies = (
			);
			name = Vorsj;
			productName = Vorsj;
			productReference = 03ADF3FE2A8B8E99004C3D8C /* Vorsj.app */;
			productType = "com.apple.product-type.application";
		};
/* End PBXNativeTarget section */

/* Begin PBXProject section */
		03ADF3F62A8B8E99004C3D8C /* Project object */ = {
			isa = PBXProject;
			attributes = {
				BuildIndependentTargetsInParallel = 1;
				LastSwiftUpdateCheck = 1430;
				LastUpgradeCheck = 1500;
				TargetAttributes = {
					03ADF3FD2A8B8E99004C3D8C = {
						CreatedOnToolsVersion = 14.3.1;
					};
				};
			};
			buildConfigurationList = 03ADF3F92A8B8E99004C3D8C /* Build configuration list for PBXProject "Vorsj" */;
			compatibilityVersion = "Xcode 14.0";
			developmentRegion = en;
			hasScannedForEncodings = 0;
			knownRegions = (
				en,
				Base,
			);
			mainGroup = 03ADF3F52A8B8E99004C3D8C;
			productRefGroup = 03ADF3FF2A8B8E99004C3D8C /* Products */;
			projectDirPath = "";
			projectRoot = "";
			targets = (
				03ADF3FD2A8B8E99004C3D8C /* Vorsj */,
			);
		};
/* End PBXProject section */

/* Begin PBXResourcesBuildPhase section */
		03ADF3FC2A8B8E99004C3D8C /* Resources */ = {
			isa = PBXResourcesBuildPhase;
			buildActionMask = 2147483647;
			files = (
				03ADF4092A8B8E9B004C3D8C /* Preview Assets.xcassets in Resources */,
				033305A22A9383290084D323 /* Volume4.json in Resources */,
				03ADF43A2A8BAAF3004C3D8C /* Volume3.json in Resources */,
				03ADF4542A8CE661004C3D8C /* ChuggEllerSannhetVolume2.json in Resources */,
				03ADF4412A8CC4E8004C3D8C /* Volume6.json in Resources */,
				0389473F2AB5267600BC572D /* cornfieldchase.json in Resources */,
				034A39562AB4648C005ED690 /* JegHarAldriVolume3.json in Resources */,
				03ADF4302A8BA80E004C3D8C /* Volume1.json in Resources */,
				03D7A2172A977517002F250D /* bestsongever.json in Resources */,
				03ADF4472A8CCA6C004C3D8C /* Kompliment.json in Resources */,
				034A39582AB4648C005ED690 /* JegHarAldriS3XEdition.json in Resources */,
				038947462AB5CC8000BC572D /* startnachet.json in Resources */,
				033733222A975B1C005DA72C /* takeonme.json in Resources */,
				0337331A2A9747D3005DA72C /* iwantitthatway.json in Resources */,
				03ADF4432A8CC6A3004C3D8C /* Volume7.json in Resources */,
				03ADF4452A8CC783004C3D8C /* Parleken.json in Resources */,
				033733282A975DCF005DA72C /* newwayhome.json in Resources */,
				034A395A2AB4648C005ED690 /* JegHarAldriVolume1.json in Resources */,
				03ADF4132A8B8F1D004C3D8C /* Volume5BI.json in Resources */,
				03ADF4062A8B8E9B004C3D8C /* Assets.xcassets in Resources */,
				03ADF44C2A8CDFAC004C3D8C /* ChuggEllerSannhetVolume1.json in Resources */,
				03E2A6382AAF3FA50006A73D /* Volume41.json in Resources */,
				033733202A974D22005DA72C /* foreveralone.json in Resources */,
				033733262A975D56005DA72C /* sorry.json in Resources */,
				033733162A973BEA005DA72C /* sexonfire.json in Resources */,
				03ADF4582A8CE787004C3D8C /* ChuggEllerSannhetVolume3.json in Resources */,
				03ADF4352A8BA924004C3D8C /* Volume2.json in Resources */,
				034A395B2AB4648C005ED690 /* JegHarAldriVolume5.json in Resources */,
				033733182A97431D005DA72C /* dancingqueen.json in Resources */,
				034A39592AB4648C005ED690 /* JegHarAldriVolume4.json in Resources */,
				03E9CE1C2A964BA3002EC676 /* livinonaprayer.json in Resources */,
				0337331E2A974B27005DA72C /* rosahelikopter.json in Resources */,
				0337331C2A974951005DA72C /* layallyourloveonme.json in Resources */,
				03F6F62A2AA4CE8C0026FB24 /* vivalavida.json in Resources */,
				03ADF4252A8BA380004C3D8C /* 5050.json in Resources */,
				033733242A975CCE005DA72C /* fairytale.json in Resources */,
				034A39572AB4648C005ED690 /* JegHarAldriVolume2.json in Resources */,
			);
			runOnlyForDeploymentPostprocessing = 0;
		};
/* End PBXResourcesBuildPhase section */

/* Begin PBXSourcesBuildPhase section */
		03ADF3FA2A8B8E99004C3D8C /* Sources */ = {
			isa = PBXSourcesBuildPhase;
			buildActionMask = 2147483647;
			files = (
				03E2A6362AAF33FE0006A73D /* WelcomeSheet.swift in Sources */,
				03E9CE192A96481A002EC676 /* Song.swift in Sources */,
				03ADF41B2A8B917B004C3D8C /* Question.swift in Sources */,
				03ADF43E2A8BAE4B004C3D8C /* HundredQuestionsListView.swift in Sources */,
				03ADF41D2A8B9296004C3D8C /* QuestionCardView.swift in Sources */,
				03ADF45A2A8CE7EE004C3D8C /* ChuggEllerSannhetListView.swift in Sources */,
				033F53692AA0C3D0005D44B3 /* JegHarAldri.swift in Sources */,
				0337332D2A976895005DA72C /* Spotify.swift in Sources */,
				03E9CE172A964767002EC676 /* KaraokeView.swift in Sources */,
				038947412AB5C7FC00BC572D /* ChatsTabBarView.swift in Sources */,
				03ADF4562A8CE726004C3D8C /* ChuggEllerSannhetVolume3.swift in Sources */,
				03E9CE152A96473A002EC676 /* KaraokeListView.swift in Sources */,
				03ADF44A2A8CDC7A004C3D8C /* ChuggEllerSannhetVolume.swift in Sources */,
				038947442AB5C9B200BC572D /* StartNachet.swift in Sources */,
				03ADF4172A8B8FAA004C3D8C /* ModelData.swift in Sources */,
				032C947B2A96058E00B4BD31 /* MessageBubble.swift in Sources */,
				03ADF4042A8B8E99004C3D8C /* ContentView.swift in Sources */,
				03ADF44E2A8CE3DB004C3D8C /* CustomToggleStyle.swift in Sources */,
				033F53782AA0C955005D44B3 /* JegHarAldriListView.swift in Sources */,
				032C94722A94DB0300B4BD31 /* ComposeArea.swift in Sources */,
				032C94792A96056800B4BD31 /* HeaderView.swift in Sources */,
				03ADF4022A8B8E99004C3D8C /* VorsjApp.swift in Sources */,
				03ADF43C2A8BACA6004C3D8C /* HundredView.swift in Sources */,
				03ADF4522A8CE5A4004C3D8C /* ChuggEllerSannhetVolume2.swift in Sources */,
			);
			runOnlyForDeploymentPostprocessing = 0;
		};
/* End PBXSourcesBuildPhase section */

/* Begin XCBuildConfiguration section */
		03ADF40A2A8B8E9B004C3D8C /* Debug */ = {
			isa = XCBuildConfiguration;
			buildSettings = {
				ALWAYS_SEARCH_USER_PATHS = NO;
				ASSETCATALOG_COMPILER_GENERATE_SWIFT_ASSET_SYMBOL_EXTENSIONS = YES;
				CLANG_ANALYZER_NONNULL = YES;
				CLANG_ANALYZER_NUMBER_OBJECT_CONVERSION = YES_AGGRESSIVE;
				CLANG_CXX_LANGUAGE_STANDARD = "gnu++20";
				CLANG_ENABLE_MODULES = YES;
				CLANG_ENABLE_OBJC_ARC = YES;
				CLANG_ENABLE_OBJC_WEAK = YES;
				CLANG_WARN_BLOCK_CAPTURE_AUTORELEASING = YES;
				CLANG_WARN_BOOL_CONVERSION = YES;
				CLANG_WARN_COMMA = YES;
				CLANG_WARN_CONSTANT_CONVERSION = YES;
				CLANG_WARN_DEPRECATED_OBJC_IMPLEMENTATIONS = YES;
				CLANG_WARN_DIRECT_OBJC_ISA_USAGE = YES_ERROR;
				CLANG_WARN_DOCUMENTATION_COMMENTS = YES;
				CLANG_WARN_EMPTY_BODY = YES;
				CLANG_WARN_ENUM_CONVERSION = YES;
				CLANG_WARN_INFINITE_RECURSION = YES;
				CLANG_WARN_INT_CONVERSION = YES;
				CLANG_WARN_NON_LITERAL_NULL_CONVERSION = YES;
				CLANG_WARN_OBJC_IMPLICIT_RETAIN_SELF = YES;
				CLANG_WARN_OBJC_LITERAL_CONVERSION = YES;
				CLANG_WARN_OBJC_ROOT_CLASS = YES_ERROR;
				CLANG_WARN_QUOTED_INCLUDE_IN_FRAMEWORK_HEADER = YES;
				CLANG_WARN_RANGE_LOOP_ANALYSIS = YES;
				CLANG_WARN_STRICT_PROTOTYPES = YES;
				CLANG_WARN_SUSPICIOUS_MOVE = YES;
				CLANG_WARN_UNGUARDED_AVAILABILITY = YES_AGGRESSIVE;
				CLANG_WARN_UNREACHABLE_CODE = YES;
				CLANG_WARN__DUPLICATE_METHOD_MATCH = YES;
				COPY_PHASE_STRIP = NO;
				DEBUG_INFORMATION_FORMAT = dwarf;
				ENABLE_STRICT_OBJC_MSGSEND = YES;
				ENABLE_TESTABILITY = YES;
				ENABLE_USER_SCRIPT_SANDBOXING = YES;
				GCC_C_LANGUAGE_STANDARD = gnu11;
				GCC_DYNAMIC_NO_PIC = NO;
				GCC_NO_COMMON_BLOCKS = YES;
				GCC_OPTIMIZATION_LEVEL = 0;
				GCC_PREPROCESSOR_DEFINITIONS = (
					"DEBUG=1",
					"$(inherited)",
				);
				GCC_WARN_64_TO_32_BIT_CONVERSION = YES;
				GCC_WARN_ABOUT_RETURN_TYPE = YES_ERROR;
				GCC_WARN_UNDECLARED_SELECTOR = YES;
				GCC_WARN_UNINITIALIZED_AUTOS = YES_AGGRESSIVE;
				GCC_WARN_UNUSED_FUNCTION = YES;
				GCC_WARN_UNUSED_VARIABLE = YES;
				IPHONEOS_DEPLOYMENT_TARGET = 16.0;
				MTL_ENABLE_DEBUG_INFO = INCLUDE_SOURCE;
				MTL_FAST_MATH = YES;
				ONLY_ACTIVE_ARCH = YES;
				SDKROOT = iphoneos;
				SWIFT_ACTIVE_COMPILATION_CONDITIONS = DEBUG;
				SWIFT_OPTIMIZATION_LEVEL = "-Onone";
			};
			name = Debug;
		};
		03ADF40B2A8B8E9B004C3D8C /* Release */ = {
			isa = XCBuildConfiguration;
			buildSettings = {
				ALWAYS_SEARCH_USER_PATHS = NO;
				ASSETCATALOG_COMPILER_GENERATE_SWIFT_ASSET_SYMBOL_EXTENSIONS = YES;
				CLANG_ANALYZER_NONNULL = YES;
				CLANG_ANALYZER_NUMBER_OBJECT_CONVERSION = YES_AGGRESSIVE;
				CLANG_CXX_LANGUAGE_STANDARD = "gnu++20";
				CLANG_ENABLE_MODULES = YES;
				CLANG_ENABLE_OBJC_ARC = YES;
				CLANG_ENABLE_OBJC_WEAK = YES;
				CLANG_WARN_BLOCK_CAPTURE_AUTORELEASING = YES;
				CLANG_WARN_BOOL_CONVERSION = YES;
				CLANG_WARN_COMMA = YES;
				CLANG_WARN_CONSTANT_CONVERSION = YES;
				CLANG_WARN_DEPRECATED_OBJC_IMPLEMENTATIONS = YES;
				CLANG_WARN_DIRECT_OBJC_ISA_USAGE = YES_ERROR;
				CLANG_WARN_DOCUMENTATION_COMMENTS = YES;
				CLANG_WARN_EMPTY_BODY = YES;
				CLANG_WARN_ENUM_CONVERSION = YES;
				CLANG_WARN_INFINITE_RECURSION = YES;
				CLANG_WARN_INT_CONVERSION = YES;
				CLANG_WARN_NON_LITERAL_NULL_CONVERSION = YES;
				CLANG_WARN_OBJC_IMPLICIT_RETAIN_SELF = YES;
				CLANG_WARN_OBJC_LITERAL_CONVERSION = YES;
				CLANG_WARN_OBJC_ROOT_CLASS = YES_ERROR;
				CLANG_WARN_QUOTED_INCLUDE_IN_FRAMEWORK_HEADER = YES;
				CLANG_WARN_RANGE_LOOP_ANALYSIS = YES;
				CLANG_WARN_STRICT_PROTOTYPES = YES;
				CLANG_WARN_SUSPICIOUS_MOVE = YES;
				CLANG_WARN_UNGUARDED_AVAILABILITY = YES_AGGRESSIVE;
				CLANG_WARN_UNREACHABLE_CODE = YES;
				CLANG_WARN__DUPLICATE_METHOD_MATCH = YES;
				COPY_PHASE_STRIP = NO;
				DEBUG_INFORMATION_FORMAT = "dwarf-with-dsym";
				ENABLE_NS_ASSERTIONS = NO;
				ENABLE_STRICT_OBJC_MSGSEND = YES;
				ENABLE_USER_SCRIPT_SANDBOXING = YES;
				GCC_C_LANGUAGE_STANDARD = gnu11;
				GCC_NO_COMMON_BLOCKS = YES;
				GCC_WARN_64_TO_32_BIT_CONVERSION = YES;
				GCC_WARN_ABOUT_RETURN_TYPE = YES_ERROR;
				GCC_WARN_UNDECLARED_SELECTOR = YES;
				GCC_WARN_UNINITIALIZED_AUTOS = YES_AGGRESSIVE;
				GCC_WARN_UNUSED_FUNCTION = YES;
				GCC_WARN_UNUSED_VARIABLE = YES;
				IPHONEOS_DEPLOYMENT_TARGET = 16.0;
				MTL_ENABLE_DEBUG_INFO = NO;
				MTL_FAST_MATH = YES;
				SDKROOT = iphoneos;
				SWIFT_COMPILATION_MODE = wholemodule;
				SWIFT_OPTIMIZATION_LEVEL = "-O";
				VALIDATE_PRODUCT = YES;
			};
			name = Release;
		};
		03ADF40D2A8B8E9B004C3D8C /* Debug */ = {
			isa = XCBuildConfiguration;
			buildSettings = {
				ASSETCATALOG_COMPILER_APPICON_NAME = AppIcon;
				ASSETCATALOG_COMPILER_GLOBAL_ACCENT_COLOR_NAME = AccentColor;
				CODE_SIGN_STYLE = Automatic;
				CURRENT_PROJECT_VERSION = 1;
				DEVELOPMENT_ASSET_PATHS = "\"Vorsj/Preview Content\"";
				DEVELOPMENT_TEAM = WP99484WGY;
				ENABLE_PREVIEWS = YES;
				GENERATE_INFOPLIST_FILE = YES;
				INFOPLIST_KEY_CFBundleDisplayName = "Vorsj-spill";
				INFOPLIST_KEY_UIApplicationSceneManifest_Generation = YES;
				INFOPLIST_KEY_UIApplicationSupportsIndirectInputEvents = YES;
				INFOPLIST_KEY_UILaunchScreen_Generation = YES;
				INFOPLIST_KEY_UISupportedInterfaceOrientations_iPad = "UIInterfaceOrientationPortrait UIInterfaceOrientationPortraitUpsideDown UIInterfaceOrientationLandscapeLeft UIInterfaceOrientationLandscapeRight";
				INFOPLIST_KEY_UISupportedInterfaceOrientations_iPhone = "UIInterfaceOrientationPortrait UIInterfaceOrientationLandscapeLeft UIInterfaceOrientationLandscapeRight";
				IPHONEOS_DEPLOYMENT_TARGET = 16.0;
				LD_RUNPATH_SEARCH_PATHS = (
					"$(inherited)",
					"@executable_path/Frameworks",
				);
				MARKETING_VERSION = 1.2;
				OTHER_SWIFT_FLAGS = "";
				PRODUCT_BUNDLE_IDENTIFIER = co.hosseinsharifi.Vorsj;
				PRODUCT_NAME = "$(TARGET_NAME)";
				SUPPORTED_PLATFORMS = "iphoneos iphonesimulator";
				SUPPORTS_MACCATALYST = NO;
				SUPPORTS_MAC_DESIGNED_FOR_IPHONE_IPAD = NO;
				SUPPORTS_XR_DESIGNED_FOR_IPHONE_IPAD = NO;
				SWIFT_EMIT_LOC_STRINGS = YES;
				SWIFT_VERSION = 5.0;
				TARGETED_DEVICE_FAMILY = 1;
			};
			name = Debug;
		};
		03ADF40E2A8B8E9B004C3D8C /* Release */ = {
			isa = XCBuildConfiguration;
			buildSettings = {
				ASSETCATALOG_COMPILER_APPICON_NAME = AppIcon;
				ASSETCATALOG_COMPILER_GLOBAL_ACCENT_COLOR_NAME = AccentColor;
				CODE_SIGN_STYLE = Automatic;
				CURRENT_PROJECT_VERSION = 1;
				DEVELOPMENT_ASSET_PATHS = "\"Vorsj/Preview Content\"";
				DEVELOPMENT_TEAM = WP99484WGY;
				ENABLE_PREVIEWS = YES;
				GENERATE_INFOPLIST_FILE = YES;
				INFOPLIST_KEY_CFBundleDisplayName = "Vorsj-spill";
				INFOPLIST_KEY_UIApplicationSceneManifest_Generation = YES;
				INFOPLIST_KEY_UIApplicationSupportsIndirectInputEvents = YES;
				INFOPLIST_KEY_UILaunchScreen_Generation = YES;
				INFOPLIST_KEY_UISupportedInterfaceOrientations_iPad = "UIInterfaceOrientationPortrait UIInterfaceOrientationPortraitUpsideDown UIInterfaceOrientationLandscapeLeft UIInterfaceOrientationLandscapeRight";
				INFOPLIST_KEY_UISupportedInterfaceOrientations_iPhone = "UIInterfaceOrientationPortrait UIInterfaceOrientationLandscapeLeft UIInterfaceOrientationLandscapeRight";
				IPHONEOS_DEPLOYMENT_TARGET = 16.0;
				LD_RUNPATH_SEARCH_PATHS = (
					"$(inherited)",
					"@executable_path/Frameworks",
				);
				MARKETING_VERSION = 1.2;
				OTHER_SWIFT_FLAGS = "";
				PRODUCT_BUNDLE_IDENTIFIER = co.hosseinsharifi.Vorsj;
				PRODUCT_NAME = "$(TARGET_NAME)";
				SUPPORTED_PLATFORMS = "iphoneos iphonesimulator";
				SUPPORTS_MACCATALYST = NO;
				SUPPORTS_MAC_DESIGNED_FOR_IPHONE_IPAD = NO;
				SUPPORTS_XR_DESIGNED_FOR_IPHONE_IPAD = NO;
				SWIFT_EMIT_LOC_STRINGS = YES;
				SWIFT_VERSION = 5.0;
				TARGETED_DEVICE_FAMILY = 1;
			};
			name = Release;
		};
/* End XCBuildConfiguration section */

/* Begin XCConfigurationList section */
		03ADF3F92A8B8E99004C3D8C /* Build configuration list for PBXProject "Vorsj" */ = {
			isa = XCConfigurationList;
			buildConfigurations = (
				03ADF40A2A8B8E9B004C3D8C /* Debug */,
				03ADF40B2A8B8E9B004C3D8C /* Release */,
			);
			defaultConfigurationIsVisible = 0;
			defaultConfigurationName = Release;
		};
		03ADF40C2A8B8E9B004C3D8C /* Build configuration list for PBXNativeTarget "Vorsj" */ = {
			isa = XCConfigurationList;
			buildConfigurations = (
				03ADF40D2A8B8E9B004C3D8C /* Debug */,
				03ADF40E2A8B8E9B004C3D8C /* Release */,
			);
			defaultConfigurationIsVisible = 0;
			defaultConfigurationName = Release;
		};
/* End XCConfigurationList section */
	};
	rootObject = 03ADF3F62A8B8E99004C3D8C /* Project object */;
}
